
Microsoft Visual Studio Solution File, Format Version 12.00
# Visual Studio Version 17
VisualStudioVersion = 17.3.32929.385
MinimumVisualStudioVersion = 10.0.40219.1
Project("{FAE04EC0-301F-11D3-BF4B-00C04F79EFBC}") = "CryptoAPI", "CryptoAPI.csproj", "{1458ADFC-A30C-4266-BE27-E13D787B1ED5}"
EndProject
Global
	GlobalSection(SolutionConfigurationPlatforms) = preSolution
		Debug|Any CPU = Debug|Any CPU
		Release|Any CPU = Release|Any CPU
	EndGlobalSection
	GlobalSection(ProjectConfigurationPlatforms) = postSolution
		{1458ADFC-A30C-4266-BE27-E13D787B1ED5}.Debug|Any CPU.ActiveCfg = Debug|Any CPU
		{1458ADFC-A30C-4266-BE27-E13D787B1ED5}.Debug|Any CPU.Build.0 = Debug|Any CPU
		{1458ADFC-A30C-4266-BE27-E13D787B1ED5}.Release|Any CPU.ActiveCfg = Release|Any CPU
		{1458ADFC-A30C-4266-BE27-E13D787B1ED5}.Release|Any CPU.Build.0 = Release|Any CPU
	EndGlobalSection
	GlobalSection(SolutionProperties) = preSolution
		HideSolutionNode = FALSE
	EndGlobalSection
	GlobalSection(ExtensibilityGlobals) = postSolution
		SolutionGuid = {CC8D8E32-4C83-4F3A-9C40-6D0F2AEEB00E}
	EndGlobalSection
EndGlobal
